
Microsoft Visual Studio Solution File, Format Version 12.00
# Visual Studio Version 17
VisualStudioVersion = 17.11.35327.3
MinimumVisualStudioVersion = 10.0.40219.1
Project("{FAE04EC0-301F-11D3-BF4B-00C04F79EFBC}") = "Wordle01", "Wordle01.csproj", "{210E2B44-736E-4519-A508-E4DFF24B1BC3}"
EndProject
Global
	GlobalSection(SolutionConfigurationPlatforms) = preSolution
		Debug|Any CPU = Debug|Any CPU
		Release|Any CPU = Release|Any CPU
	EndGlobalSection
	GlobalSection(ProjectConfigurationPlatforms) = postSolution
		{210E2B44-736E-4519-A508-E4DFF24B1BC3}.Debug|Any CPU.ActiveCfg = Debug|Any CPU
		{210E2B44-736E-4519-A508-E4DFF24B1BC3}.Debug|Any CPU.Build.0 = Debug|Any CPU
		{210E2B44-736E-4519-A508-E4DFF24B1BC3}.Release|Any CPU.ActiveCfg = Release|Any CPU
		{210E2B44-736E-4519-A508-E4DFF24B1BC3}.Release|Any CPU.Build.0 = Release|Any CPU
	EndGlobalSection
	GlobalSection(SolutionProperties) = preSolution
		HideSolutionNode = FALSE
	EndGlobalSection
	GlobalSection(ExtensibilityGlobals) = postSolution
		SolutionGuid = {C0630560-0B38-462A-9B7D-D269DC7F6340}
	EndGlobalSection
EndGlobal
